// !$*UTF8*$!
{
	archiveVersion = 1;
	classes = {
	};
	objectVersion = 56;
	objects = {

/* Begin PBXBuildFile section */
		8A7623F42B7060010025F1A2 /* BarHubApp.swift in Sources */ = {isa = PBXBuildFile; fileRef = 8A7623F32B7060010025F1A2 /* BarHubApp.swift */; };
		8A7623F62B7060010025F1A2 /* ContentView.swift in Sources */ = {isa = PBXBuildFile; fileRef = 8A7623F52B7060010025F1A2 /* ContentView.swift */; };
		8A7623F82B7060030025F1A2 /* Assets.xcassets in Resources */ = {isa = PBXBuildFile; fileRef = 8A7623F72B7060030025F1A2 /* Assets.xcassets */; };
		8A7623FB2B7060030025F1A2 /* Preview Assets.xcassets in Resources */ = {isa = PBXBuildFile; fileRef = 8A7623FA2B7060030025F1A2 /* Preview Assets.xcassets */; };
		8A7624062B7060040025F1A2 /* BarHubTests.swift in Sources */ = {isa = PBXBuildFile; fileRef = 8A7624052B7060040025F1A2 /* BarHubTests.swift */; };
		8A7624102B7060040025F1A2 /* BarHubUITests.swift in Sources */ = {isa = PBXBuildFile; fileRef = 8A76240F2B7060040025F1A2 /* BarHubUITests.swift */; };
		8A7624122B7060040025F1A2 /* BarHubUITestsLaunchTests.swift in Sources */ = {isa = PBXBuildFile; fileRef = 8A7624112B7060040025F1A2 /* BarHubUITestsLaunchTests.swift */; };
/* End PBXBuildFile section */

/* Begin PBXContainerItemProxy section */
		8A7624022B7060040025F1A2 /* PBXContainerItemProxy */ = {
			isa = PBXContainerItemProxy;
			containerPortal = 8A7623E82B7060010025F1A2 /* Project object */;
			proxyType = 1;
			remoteGlobalIDString = 8A7623EF2B7060010025F1A2;
			remoteInfo = BarHub;
		};
		8A76240C2B7060040025F1A2 /* PBXContainerItemProxy */ = {
			isa = PBXContainerItemProxy;
			containerPortal = 8A7623E82B7060010025F1A2 /* Project object */;
			proxyType = 1;
			remoteGlobalIDString = 8A7623EF2B7060010025F1A2;
			remoteInfo = BarHub;
		};
/* End PBXContainerItemProxy section */

/* Begin PBXFileReference section */
		8A7623F02B7060010025F1A2 /* BarHub.app */ = {isa = PBXFileReference; explicitFileType = wrapper.application; includeInIndex = 0; path = BarHub.app; sourceTree = BUILT_PRODUCTS_DIR; };
		8A7623F32B7060010025F1A2 /* BarHubApp.swift */ = {isa = PBXFileReference; lastKnownFileType = sourcecode.swift; path = BarHubApp.swift; sourceTree = "<group>"; };
		8A7623F52B7060010025F1A2 /* ContentView.swift */ = {isa = PBXFileReference; lastKnownFileType = sourcecode.swift; path = ContentView.swift; sourceTree = "<group>"; };
		8A7623F72B7060030025F1A2 /* Assets.xcassets */ = {isa = PBXFileReference; lastKnownFileType = folder.assetcatalog; path = Assets.xcassets; sourceTree = "<group>"; };
		8A7623FA2B7060030025F1A2 /* Preview Assets.xcassets */ = {isa = PBXFileReference; lastKnownFileType = folder.assetcatalog; path = "Preview Assets.xcassets"; sourceTree = "<group>"; };
		8A7623FC2B7060030025F1A2 /* BarHub.entitlements */ = {isa = PBXFileReference; lastKnownFileType = text.plist.entitlements; path = BarHub.entitlements; sourceTree = "<group>"; };
		8A7624012B7060040025F1A2 /* BarHubTests.xctest */ = {isa = PBXFileReference; explicitFileType = wrapper.cfbundle; includeInIndex = 0; path = BarHubTests.xctest; sourceTree = BUILT_PRODUCTS_DIR; };
		8A7624052B7060040025F1A2 /* BarHubTests.swift */ = {isa = PBXFileReference; lastKnownFileType = sourcecode.swift; path = BarHubTests.swift; sourceTree = "<group>"; };
		8A76240B2B7060040025F1A2 /* BarHubUITests.xctest */ = {isa = PBXFileReference; explicitFileType = wrapper.cfbundle; includeInIndex = 0; path = BarHubUITests.xctest; sourceTree = BUILT_PRODUCTS_DIR; };
		8A76240F2B7060040025F1A2 /* BarHubUITests.swift */ = {isa = PBXFileReference; lastKnownFileType = sourcecode.swift; path = BarHubUITests.swift; sourceTree = "<group>"; };
		8A7624112B7060040025F1A2 /* BarHubUITestsLaunchTests.swift */ = {isa = PBXFileReference; lastKnownFileType = sourcecode.swift; path = BarHubUITestsLaunchTests.swift; sourceTree = "<group>"; };
/* End PBXFileReference section */

/* Begin PBXFrameworksBuildPhase section */
		8A7623ED2B7060010025F1A2 /* Frameworks */ = {
			isa = PBXFrameworksBuildPhase;
			buildActionMask = 2147483647;
			files = (
			);
			runOnlyForDeploymentPostprocessing = 0;
		};
		8A7623FE2B7060040025F1A2 /* Frameworks */ = {
			isa = PBXFrameworksBuildPhase;
			buildActionMask = 2147483647;
			files = (
			);
			runOnlyForDeploymentPostprocessing = 0;
		};
		8A7624082B7060040025F1A2 /* Frameworks */ = {
			isa = PBXFrameworksBuildPhase;
			buildActionMask = 2147483647;
			files = (
			);
			runOnlyForDeploymentPostprocessing = 0;
		};
/* End PBXFrameworksBuildPhase section */

/* Begin PBXGroup section */
		8A7623E72B7060010025F1A2 = {
			isa = PBXGroup;
			children = (
				8A7623F22B7060010025F1A2 /* BarHub */,
				8A7624042B7060040025F1A2 /* BarHubTests */,
				8A76240E2B7060040025F1A2 /* BarHubUITests */,
				8A7623F12B7060010025F1A2 /* Products */,
			);
			sourceTree = "<group>";
		};
		8A7623F12B7060010025F1A2 /* Products */ = {
			isa = PBXGroup;
			children = (
				8A7623F02B7060010025F1A2 /* BarHub.app */,
				8A7624012B7060040025F1A2 /* BarHubTests.xctest */,
				8A76240B2B7060040025F1A2 /* BarHubUITests.xctest */,
			);
			name = Products;
			sourceTree = "<group>";
		};
		8A7623F22B7060010025F1A2 /* BarHub */ = {
			isa = PBXGroup;
			children = (
				8A7623F32B7060010025F1A2 /* BarHubApp.swift */,
				8A7623F52B7060010025F1A2 /* ContentView.swift */,
				8A7623F72B7060030025F1A2 /* Assets.xcassets */,
				8A7623FC2B7060030025F1A2 /* BarHub.entitlements */,
				8A7623F92B7060030025F1A2 /* Preview Content */,
			);
			path = BarHub;
			sourceTree = "<group>";
		};
		8A7623F92B7060030025F1A2 /* Preview Content */ = {
			isa = PBXGroup;
			children = (
				8A7623FA2B7060030025F1A2 /* Preview Assets.xcassets */,
			);
			path = "Preview Content";
			sourceTree = "<group>";
		};
		8A7624042B7060040025F1A2 /* BarHubTests */ = {
			isa = PBXGroup;
			children = (
				8A7624052B7060040025F1A2 /* BarHubTests.swift */,
			);
			path = BarHubTests;
			sourceTree = "<group>";
		};
		8A76240E2B7060040025F1A2 /* BarHubUITests */ = {
			isa = PBXGroup;
			children = (
				8A76240F2B7060040025F1A2 /* BarHubUITests.swift */,
				8A7624112B7060040025F1A2 /* BarHubUITestsLaunchTests.swift */,
			);
			path = BarHubUITests;
			sourceTree = "<group>";
		};
/* End PBXGroup section */

/* Begin PBXNativeTarget section */
		8A7623EF2B7060010025F1A2 /* BarHub */ = {
			isa = PBXNativeTarget;
			buildConfigurationList = 8A7624152B7060040025F1A2 /* Build configuration list for PBXNativeTarget "BarHub" */;
			buildPhases = (
				8A7623EC2B7060010025F1A2 /* Sources */,
				8A7623ED2B7060010025F1A2 /* Frameworks */,
				8A7623EE2B7060010025F1A2 /* Resources */,
			);
			buildRules = (
			);
			dependencies = (
			);
			name = BarHub;
			productName = BarHub;
			productReference = 8A7623F02B7060010025F1A2 /* BarHub.app */;
			productType = "com.apple.product-type.application";
		};
		8A7624002B7060040025F1A2 /* BarHubTests */ = {
			isa = PBXNativeTarget;
			buildConfigurationList = 8A7624182B7060040025F1A2 /* Build configuration list for PBXNativeTarget "BarHubTests" */;
			buildPhases = (
				8A7623FD2B7060040025F1A2 /* Sources */,
				8A7623FE2B7060040025F1A2 /* Frameworks */,
				8A7623FF2B7060040025F1A2 /* Resources */,
			);
			buildRules = (
			);
			dependencies = (
				8A7624032B7060040025F1A2 /* PBXTargetDependency */,
			);
			name = BarHubTests;
			productName = BarHubTests;
			productReference = 8A7624012B7060040025F1A2 /* BarHubTests.xctest */;
			productType = "com.apple.product-type.bundle.unit-test";
		};
		8A76240A2B7060040025F1A2 /* BarHubUITests */ = {
			isa = PBXNativeTarget;
			buildConfigurationList = 8A76241B2B7060040025F1A2 /* Build configuration list for PBXNativeTarget "BarHubUITests" */;
			buildPhases = (
				8A7624072B7060040025F1A2 /* Sources */,
				8A7624082B7060040025F1A2 /* Frameworks */,
				8A7624092B7060040025F1A2 /* Resources */,
			);
			buildRules = (
			);
			dependencies = (
				8A76240D2B7060040025F1A2 /* PBXTargetDependency */,
			);
			name = BarHubUITests;
			productName = BarHubUITests;
			productReference = 8A76240B2B7060040025F1A2 /* BarHubUITests.xctest */;
			productType = "com.apple.product-type.bundle.ui-testing";
		};
/* End PBXNativeTarget section */

/* Begin PBXProject section */
		8A7623E82B7060010025F1A2 /* Project object */ = {
			isa = PBXProject;
			attributes = {
				BuildIndependentTargetsInParallel = 1;
				LastSwiftUpdateCheck = 1420;
				LastUpgradeCheck = 1420;
				TargetAttributes = {
					8A7623EF2B7060010025F1A2 = {
						CreatedOnToolsVersion = 14.2;
					};
					8A7624002B7060040025F1A2 = {
						CreatedOnToolsVersion = 14.2;
						TestTargetID = 8A7623EF2B7060010025F1A2;
					};
					8A76240A2B7060040025F1A2 = {
						CreatedOnToolsVersion = 14.2;
						TestTargetID = 8A7623EF2B7060010025F1A2;
					};
				};
			};
			buildConfigurationList = 8A7623EB2B7060010025F1A2 /* Build configuration list for PBXProject "BarHub" */;
			compatibilityVersion = "Xcode 14.0";
			developmentRegion = en;
			hasScannedForEncodings = 0;
			knownRegions = (
				en,
				Base,
			);
			mainGroup = 8A7623E72B7060010025F1A2;
			productRefGroup = 8A7623F12B7060010025F1A2 /* Products */;
			projectDirPath = "";
			projectRoot = "";
			targets = (
				8A7623EF2B7060010025F1A2 /* BarHub */,
				8A7624002B7060040025F1A2 /* BarHubTests */,
				8A76240A2B7060040025F1A2 /* BarHubUITests */,
			);
		};
/* End PBXProject section */

/* Begin PBXResourcesBuildPhase section */
		8A7623EE2B7060010025F1A2 /* Resources */ = {
			isa = PBXResourcesBuildPhase;
			buildActionMask = 2147483647;
			files = (
				8A7623FB2B7060030025F1A2 /* Preview Assets.xcassets in Resources */,
				8A7623F82B7060030025F1A2 /* Assets.xcassets in Resources */,
			);
			runOnlyForDeploymentPostprocessing = 0;
		};
		8A7623FF2B7060040025F1A2 /* Resources */ = {
			isa = PBXResourcesBuildPhase;
			buildActionMask = 2147483647;
			files = (
			);
			runOnlyForDeploymentPostprocessing = 0;
		};
		8A7624092B7060040025F1A2 /* Resources */ = {
			isa = PBXResourcesBuildPhase;
			buildActionMask = 2147483647;
			files = (
			);
			runOnlyForDeploymentPostprocessing = 0;
		};
/* End PBXResourcesBuildPhase section */

/* Begin PBXSourcesBuildPhase section */
		8A7623EC2B7060010025F1A2 /* Sources */ = {
			isa = PBXSourcesBuildPhase;
			buildActionMask = 2147483647;
			files = (
				8A7623F62B7060010025F1A2 /* ContentView.swift in Sources */,
				8A7623F42B7060010025F1A2 /* BarHubApp.swift in Sources */,
			);
			runOnlyForDeploymentPostprocessing = 0;
		};
		8A7623FD2B7060040025F1A2 /* Sources */ = {
			isa = PBXSourcesBuildPhase;
			buildActionMask = 2147483647;
			files = (
				8A7624062B7060040025F1A2 /* BarHubTests.swift in Sources */,
			);
			runOnlyForDeploymentPostprocessing = 0;
		};
		8A7624072B7060040025F1A2 /* Sources */ = {
			isa = PBXSourcesBuildPhase;
			buildActionMask = 2147483647;
			files = (
				8A7624122B7060040025F1A2 /* BarHubUITestsLaunchTests.swift in Sources */,
				8A7624102B7060040025F1A2 /* BarHubUITests.swift in Sources */,
			);
			runOnlyForDeploymentPostprocessing = 0;
		};
/* End PBXSourcesBuildPhase section */

/* Begin PBXTargetDependency section */
		8A7624032B7060040025F1A2 /* PBXTargetDependency */ = {
			isa = PBXTargetDependency;
			target = 8A7623EF2B7060010025F1A2 /* BarHub */;
			targetProxy = 8A7624022B7060040025F1A2 /* PBXContainerItemProxy */;
		};
		8A76240D2B7060040025F1A2 /* PBXTargetDependency */ = {
			isa = PBXTargetDependency;
			target = 8A7623EF2B7060010025F1A2 /* BarHub */;
			targetProxy = 8A76240C2B7060040025F1A2 /* PBXContainerItemProxy */;
		};
/* End PBXTargetDependency section */

/* Begin XCBuildConfiguration section */
		8A7624132B7060040025F1A2 /* Debug */ = {
			isa = XCBuildConfiguration;
			buildSettings = {
				ALWAYS_SEARCH_USER_PATHS = NO;
				CLANG_ANALYZER_NONNULL = YES;
				CLANG_ANALYZER_NUMBER_OBJECT_CONVERSION = YES_AGGRESSIVE;
				CLANG_CXX_LANGUAGE_STANDARD = "gnu++20";
				CLANG_ENABLE_MODULES = YES;
				CLANG_ENABLE_OBJC_ARC = YES;
				CLANG_ENABLE_OBJC_WEAK = YES;
				CLANG_WARN_BLOCK_CAPTURE_AUTORELEASING = YES;
				CLANG_WARN_BOOL_CONVERSION = YES;
				CLANG_WARN_COMMA = YES;
				CLANG_WARN_CONSTANT_CONVERSION = YES;
				CLANG_WARN_DEPRECATED_OBJC_IMPLEMENTATIONS = YES;
				CLANG_WARN_DIRECT_OBJC_ISA_USAGE = YES_ERROR;
				CLANG_WARN_DOCUMENTATION_COMMENTS = YES;
				CLANG_WARN_EMPTY_BODY = YES;
				CLANG_WARN_ENUM_CONVERSION = YES;
				CLANG_WARN_INFINITE_RECURSION = YES;
				CLANG_WARN_INT_CONVERSION = YES;
				CLANG_WARN_NON_LITERAL_NULL_CONVERSION = YES;
				CLANG_WARN_OBJC_IMPLICIT_RETAIN_SELF = YES;
				CLANG_WARN_OBJC_LITERAL_CONVERSION = YES;
				CLANG_WARN_OBJC_ROOT_CLASS = YES_ERROR;
				CLANG_WARN_QUOTED_INCLUDE_IN_FRAMEWORK_HEADER = YES;
				CLANG_WARN_RANGE_LOOP_ANALYSIS = YES;
				CLANG_WARN_STRICT_PROTOTYPES = YES;
				CLANG_WARN_SUSPICIOUS_MOVE = YES;
				CLANG_WARN_UNGUARDED_AVAILABILITY = YES_AGGRESSIVE;
				CLANG_WARN_UNREACHABLE_CODE = YES;
				CLANG_WARN__DUPLICATE_METHOD_MATCH = YES;
				COPY_PHASE_STRIP = NO;
				DEBUG_INFORMATION_FORMAT = dwarf;
				ENABLE_STRICT_OBJC_MSGSEND = YES;
				ENABLE_TESTABILITY = YES;
				GCC_C_LANGUAGE_STANDARD = gnu11;
				GCC_DYNAMIC_NO_PIC = NO;
				GCC_NO_COMMON_BLOCKS = YES;
				GCC_OPTIMIZATION_LEVEL = 0;
				GCC_PREPROCESSOR_DEFINITIONS = (
					"DEBUG=1",
					"$(inherited)",
				);
				GCC_WARN_64_TO_32_BIT_CONVERSION = YES;
				GCC_WARN_ABOUT_RETURN_TYPE = YES_ERROR;
				GCC_WARN_UNDECLARED_SELECTOR = YES;
				GCC_WARN_UNINITIALIZED_AUTOS = YES_AGGRESSIVE;
				GCC_WARN_UNUSED_FUNCTION = YES;
				GCC_WARN_UNUSED_VARIABLE = YES;
				MACOSX_DEPLOYMENT_TARGET = 12.6;
				MTL_ENABLE_DEBUG_INFO = INCLUDE_SOURCE;
				MTL_FAST_MATH = YES;
				ONLY_ACTIVE_ARCH = YES;
				SDKROOT = macosx;
				SWIFT_ACTIVE_COMPILATION_CONDITIONS = DEBUG;
				SWIFT_OPTIMIZATION_LEVEL = "-Onone";
			};
			name = Debug;
		};
		8A7624142B7060040025F1A2 /* Release */ = {
			isa = XCBuildConfiguration;
			buildSettings = {
				ALWAYS_SEARCH_USER_PATHS = NO;
				CLANG_ANALYZER_NONNULL = YES;
				CLANG_ANALYZER_NUMBER_OBJECT_CONVERSION = YES_AGGRESSIVE;
				CLANG_CXX_LANGUAGE_STANDARD = "gnu++20";
				CLANG_ENABLE_MODULES = YES;
				CLANG_ENABLE_OBJC_ARC = YES;
				CLANG_ENABLE_OBJC_WEAK = YES;
				CLANG_WARN_BLOCK_CAPTURE_AUTORELEASING = YES;
				CLANG_WARN_BOOL_CONVERSION = YES;
				CLANG_WARN_COMMA = YES;
				CLANG_WARN_CONSTANT_CONVERSION = YES;
				CLANG_WARN_DEPRECATED_OBJC_IMPLEMENTATIONS = YES;
				CLANG_WARN_DIRECT_OBJC_ISA_USAGE = YES_ERROR;
				CLANG_WARN_DOCUMENTATION_COMMENTS = YES;
				CLANG_WARN_EMPTY_BODY = YES;
				CLANG_WARN_ENUM_CONVERSION = YES;
				CLANG_WARN_INFINITE_RECURSION = YES;
				CLANG_WARN_INT_CONVERSION = YES;
				CLANG_WARN_NON_LITERAL_NULL_CONVERSION = YES;
				CLANG_WARN_OBJC_IMPLICIT_RETAIN_SELF = YES;
				CLANG_WARN_OBJC_LITERAL_CONVERSION = YES;
				CLANG_WARN_OBJC_ROOT_CLASS = YES_ERROR;
				CLANG_WARN_QUOTED_INCLUDE_IN_FRAMEWORK_HEADER = YES;
				CLANG_WARN_RANGE_LOOP_ANALYSIS = YES;
				CLANG_WARN_STRICT_PROTOTYPES = YES;
				CLANG_WARN_SUSPICIOUS_MOVE = YES;
				CLANG_WARN_UNGUARDED_AVAILABILITY = YES_AGGRESSIVE;
				CLANG_WARN_UNREACHABLE_CODE = YES;
				CLANG_WARN__DUPLICATE_METHOD_MATCH = YES;
				COPY_PHASE_STRIP = NO;
				DEBUG_INFORMATION_FORMAT = "dwarf-with-dsym";
				ENABLE_NS_ASSERTIONS = NO;
				ENABLE_STRICT_OBJC_MSGSEND = YES;
				GCC_C_LANGUAGE_STANDARD = gnu11;
				GCC_NO_COMMON_BLOCKS = YES;
				GCC_WARN_64_TO_32_BIT_CONVERSION = YES;
				GCC_WARN_ABOUT_RETURN_TYPE = YES_ERROR;
				GCC_WARN_UNDECLARED_SELECTOR = YES;
				GCC_WARN_UNINITIALIZED_AUTOS = YES_AGGRESSIVE;
				GCC_WARN_UNUSED_FUNCTION = YES;
				GCC_WARN_UNUSED_VARIABLE = YES;
				MACOSX_DEPLOYMENT_TARGET = 12.6;
				MTL_ENABLE_DEBUG_INFO = NO;
				MTL_FAST_MATH = YES;
				SDKROOT = macosx;
				SWIFT_COMPILATION_MODE = wholemodule;
				SWIFT_OPTIMIZATION_LEVEL = "-O";
			};
			name = Release;
		};
		8A7624162B7060040025F1A2 /* Debug */ = {
			isa = XCBuildConfiguration;
			buildSettings = {
				ASSETCATALOG_COMPILER_APPICON_NAME = AppIcon;
				ASSETCATALOG_COMPILER_GLOBAL_ACCENT_COLOR_NAME = AccentColor;
				CODE_SIGN_ENTITLEMENTS = BarHub/BarHub.entitlements;
				CODE_SIGN_STYLE = Automatic;
				COMBINE_HIDPI_IMAGES = YES;
				CURRENT_PROJECT_VERSION = 1;
				DEVELOPMENT_ASSET_PATHS = "\"BarHub/Preview Content\"";
				ENABLE_PREVIEWS = YES;
				GENERATE_INFOPLIST_FILE = YES;
				INFOPLIST_KEY_NSHumanReadableCopyright = "";
				LD_RUNPATH_SEARCH_PATHS = (
					"$(inherited)",
					"@executable_path/../Frameworks",
				);
				MARKETING_VERSION = 1.0;
				PRODUCT_BUNDLE_IDENTIFIER = Leprekus.BarHub;
				PRODUCT_NAME = "$(TARGET_NAME)";
				SWIFT_EMIT_LOC_STRINGS = YES;
				SWIFT_VERSION = 5.0;
			};
			name = Debug;
		};
		8A7624172B7060040025F1A2 /* Release */ = {
			isa = XCBuildConfiguration;
			buildSettings = {
				ASSETCATALOG_COMPILER_APPICON_NAME = AppIcon;
				ASSETCATALOG_COMPILER_GLOBAL_ACCENT_COLOR_NAME = AccentColor;
				CODE_SIGN_ENTITLEMENTS = BarHub/BarHub.entitlements;
				CODE_SIGN_STYLE = Automatic;
				COMBINE_HIDPI_IMAGES = YES;
				CURRENT_PROJECT_VERSION = 1;
				DEVELOPMENT_ASSET_PATHS = "\"BarHub/Preview Content\"";
				ENABLE_PREVIEWS = YES;
				GENERATE_INFOPLIST_FILE = YES;
				INFOPLIST_KEY_NSHumanReadableCopyright = "";
				LD_RUNPATH_SEARCH_PATHS = (
					"$(inherited)",
					"@executable_path/../Frameworks",
				);
				MARKETING_VERSION = 1.0;
				PRODUCT_BUNDLE_IDENTIFIER = Leprekus.BarHub;
				PRODUCT_NAME = "$(TARGET_NAME)";
				SWIFT_EMIT_LOC_STRINGS = YES;
				SWIFT_VERSION = 5.0;
			};
			name = Release;
		};
		8A7624192B7060040025F1A2 /* Debug */ = {
			isa = XCBuildConfiguration;
			buildSettings = {
				ALWAYS_EMBED_SWIFT_STANDARD_LIBRARIES = YES;
				BUNDLE_LOADER = "$(TEST_HOST)";
				CODE_SIGN_STYLE = Automatic;
				CURRENT_PROJECT_VERSION = 1;
				GENERATE_INFOPLIST_FILE = YES;
				MACOSX_DEPLOYMENT_TARGET = 12.6;
				MARKETING_VERSION = 1.0;
				PRODUCT_BUNDLE_IDENTIFIER = Leprekus.BarHubTests;
				PRODUCT_NAME = "$(TARGET_NAME)";
				SWIFT_EMIT_LOC_STRINGS = NO;
				SWIFT_VERSION = 5.0;
				TEST_HOST = "$(BUILT_PRODUCTS_DIR)/BarHub.app/$(BUNDLE_EXECUTABLE_FOLDER_PATH)/BarHub";
			};
			name = Debug;
		};
		8A76241A2B7060040025F1A2 /* Release */ = {
			isa = XCBuildConfiguration;
			buildSettings = {
				ALWAYS_EMBED_SWIFT_STANDARD_LIBRARIES = YES;
				BUNDLE_LOADER = "$(TEST_HOST)";
				CODE_SIGN_STYLE = Automatic;
				CURRENT_PROJECT_VERSION = 1;
				GENERATE_INFOPLIST_FILE = YES;
				MACOSX_DEPLOYMENT_TARGET = 12.6;
				MARKETING_VERSION = 1.0;
				PRODUCT_BUNDLE_IDENTIFIER = Leprekus.BarHubTests;
				PRODUCT_NAME = "$(TARGET_NAME)";
				SWIFT_EMIT_LOC_STRINGS = NO;
				SWIFT_VERSION = 5.0;
				TEST_HOST = "$(BUILT_PRODUCTS_DIR)/BarHub.app/$(BUNDLE_EXECUTABLE_FOLDER_PATH)/BarHub";
			};
			name = Release;
		};
		8A76241C2B7060040025F1A2 /* Debug */ = {
			isa = XCBuildConfiguration;
			buildSettings = {
				ALWAYS_EMBED_SWIFT_STANDARD_LIBRARIES = YES;
				CODE_SIGN_STYLE = Automatic;
				CURRENT_PROJECT_VERSION = 1;
				GENERATE_INFOPLIST_FILE = YES;
				MARKETING_VERSION = 1.0;
				PRODUCT_BUNDLE_IDENTIFIER = Leprekus.BarHubUITests;
				PRODUCT_NAME = "$(TARGET_NAME)";
				SWIFT_EMIT_LOC_STRINGS = NO;
				SWIFT_VERSION = 5.0;
				TEST_TARGET_NAME = BarHub;
			};
			name = Debug;
		};
		8A76241D2B7060040025F1A2 /* Release */ = {
			isa = XCBuildConfiguration;
			buildSettings = {
				ALWAYS_EMBED_SWIFT_STANDARD_LIBRARIES = YES;
				CODE_SIGN_STYLE = Automatic;
				CURRENT_PROJECT_VERSION = 1;
				GENERATE_INFOPLIST_FILE = YES;
				MARKETING_VERSION = 1.0;
				PRODUCT_BUNDLE_IDENTIFIER = Leprekus.BarHubUITests;
				PRODUCT_NAME = "$(TARGET_NAME)";
				SWIFT_EMIT_LOC_STRINGS = NO;
				SWIFT_VERSION = 5.0;
				TEST_TARGET_NAME = BarHub;
			};
			name = Release;
		};
/* End XCBuildConfiguration section */

/* Begin XCConfigurationList section */
		8A7623EB2B7060010025F1A2 /* Build configuration list for PBXProject "BarHub" */ = {
			isa = XCConfigurationList;
			buildConfigurations = (
				8A7624132B7060040025F1A2 /* Debug */,
				8A7624142B7060040025F1A2 /* Release */,
			);
			defaultConfigurationIsVisible = 0;
			defaultConfigurationName = Release;
		};
		8A7624152B7060040025F1A2 /* Build configuration list for PBXNativeTarget "BarHub" */ = {
			isa = XCConfigurationList;
			buildConfigurations = (
				8A7624162B7060040025F1A2 /* Debug */,
				8A7624172B7060040025F1A2 /* Release */,
			);
			defaultConfigurationIsVisible = 0;
			defaultConfigurationName = Release;
		};
		8A7624182B7060040025F1A2 /* Build configuration list for PBXNativeTarget "BarHubTests" */ = {
			isa = XCConfigurationList;
			buildConfigurations = (
				8A7624192B7060040025F1A2 /* Debug */,
				8A76241A2B7060040025F1A2 /* Release */,
			);
			defaultConfigurationIsVisible = 0;
			defaultConfigurationName = Release;
		};
		8A76241B2B7060040025F1A2 /* Build configuration list for PBXNativeTarget "BarHubUITests" */ = {
			isa = XCConfigurationList;
			buildConfigurations = (
				8A76241C2B7060040025F1A2 /* Debug */,
				8A76241D2B7060040025F1A2 /* Release */,
			);
			defaultConfigurationIsVisible = 0;
			defaultConfigurationName = Release;
		};
/* End XCConfigurationList section */
	};
	rootObject = 8A7623E82B7060010025F1A2 /* Project object */;
}
